// !$*UTF8*$!
{
	archiveVersion = 1;
	classes = {
	};
	objectVersion = 48;
	objects = {

/* Begin PBXBuildFile section */
		879C11AF1FB0BDFB00926AAA /* AppDelegate.swift in Sources */ = {isa = PBXBuildFile; fileRef = 879C11AE1FB0BDFB00926AAA /* AppDelegate.swift */; };
		879C11B11FB0BDFB00926AAA /* BucketListViewController.swift in Sources */ = {isa = PBXBuildFile; fileRef = 879C11B01FB0BDFB00926AAA /* BucketListViewController.swift */; };
		879C11B41FB0BDFB00926AAA /* Main.storyboard in Resources */ = {isa = PBXBuildFile; fileRef = 879C11B21FB0BDFB00926AAA /* Main.storyboard */; };
		879C11B61FB0BDFB00926AAA /* Assets.xcassets in Resources */ = {isa = PBXBuildFile; fileRef = 879C11B51FB0BDFB00926AAA /* Assets.xcassets */; };
		879C11B91FB0BDFB00926AAA /* LaunchScreen.storyboard in Resources */ = {isa = PBXBuildFile; fileRef = 879C11B71FB0BDFB00926AAA /* LaunchScreen.storyboard */; };
		879C11C41FB0BDFC00926AAA /* BucketListTests.swift in Sources */ = {isa = PBXBuildFile; fileRef = 879C11C31FB0BDFC00926AAA /* BucketListTests.swift */; };
		879C11CF1FB0BDFC00926AAA /* BucketListUITests.swift in Sources */ = {isa = PBXBuildFile; fileRef = 879C11CE1FB0BDFC00926AAA /* BucketListUITests.swift */; };
		879C11DD1FB137DF00926AAA /* AddItemTableViewController.swift in Sources */ = {isa = PBXBuildFile; fileRef = 879C11DC1FB137DF00926AAA /* AddItemTableViewController.swift */; };
		879C11E11FB14D4900926AAA /* AddItemTableViewControllerDelegate.swift in Sources */ = {isa = PBXBuildFile; fileRef = 879C11E01FB14D4900926AAA /* AddItemTableViewControllerDelegate.swift */; };
		87EAF94F1FB275E2002CB0CA /* BucketList.xcdatamodeld in Sources */ = {isa = PBXBuildFile; fileRef = 87EAF94D1FB275E2002CB0CA /* BucketList.xcdatamodeld */; };
/* End PBXBuildFile section */

/* Begin PBXContainerItemProxy section */
		879C11C01FB0BDFB00926AAA /* PBXContainerItemProxy */ = {
			isa = PBXContainerItemProxy;
			containerPortal = 879C11A31FB0BDFB00926AAA /* Project object */;
			proxyType = 1;
			remoteGlobalIDString = 879C11AA1FB0BDFB00926AAA;
			remoteInfo = BucketList;
		};
		879C11CB1FB0BDFC00926AAA /* PBXContainerItemProxy */ = {
			isa = PBXContainerItemProxy;
			containerPortal = 879C11A31FB0BDFB00926AAA /* Project object */;
			proxyType = 1;
			remoteGlobalIDString = 879C11AA1FB0BDFB00926AAA;
			remoteInfo = BucketList;
		};
/* End PBXContainerItemProxy section */

/* Begin PBXFileReference section */
		879C11AB1FB0BDFB00926AAA /* BucketList.app */ = {isa = PBXFileReference; explicitFileType = wrapper.application; includeInIndex = 0; path = BucketList.app; sourceTree = BUILT_PRODUCTS_DIR; };
		879C11AE1FB0BDFB00926AAA /* AppDelegate.swift */ = {isa = PBXFileReference; lastKnownFileType = sourcecode.swift; path = AppDelegate.swift; sourceTree = "<group>"; };
		879C11B01FB0BDFB00926AAA /* BucketListViewController.swift */ = {isa = PBXFileReference; lastKnownFileType = sourcecode.swift; path = BucketListViewController.swift; sourceTree = "<group>"; };
		879C11B31FB0BDFB00926AAA /* Base */ = {isa = PBXFileReference; lastKnownFileType = file.storyboard; name = Base; path = Base.lproj/Main.storyboard; sourceTree = "<group>"; };
		879C11B51FB0BDFB00926AAA /* Assets.xcassets */ = {isa = PBXFileReference; lastKnownFileType = folder.assetcatalog; path = Assets.xcassets; sourceTree = "<group>"; };
		879C11B81FB0BDFB00926AAA /* Base */ = {isa = PBXFileReference; lastKnownFileType = file.storyboard; name = Base; path = Base.lproj/LaunchScreen.storyboard; sourceTree = "<group>"; };
		879C11BA1FB0BDFB00926AAA /* Info.plist */ = {isa = PBXFileReference; lastKnownFileType = text.plist.xml; path = Info.plist; sourceTree = "<group>"; };
		879C11BF1FB0BDFB00926AAA /* BucketListTests.xctest */ = {isa = PBXFileReference; explicitFileType = wrapper.cfbundle; includeInIndex = 0; path = BucketListTests.xctest; sourceTree = BUILT_PRODUCTS_DIR; };
		879C11C31FB0BDFC00926AAA /* BucketListTests.swift */ = {isa = PBXFileReference; lastKnownFileType = sourcecode.swift; path = BucketListTests.swift; sourceTree = "<group>"; };
		879C11C51FB0BDFC00926AAA /* Info.plist */ = {isa = PBXFileReference; lastKnownFileType = text.plist.xml; path = Info.plist; sourceTree = "<group>"; };
		879C11CA1FB0BDFC00926AAA /* BucketListUITests.xctest */ = {isa = PBXFileReference; explicitFileType = wrapper.cfbundle; includeInIndex = 0; path = BucketListUITests.xctest; sourceTree = BUILT_PRODUCTS_DIR; };
		879C11CE1FB0BDFC00926AAA /* BucketListUITests.swift */ = {isa = PBXFileReference; lastKnownFileType = sourcecode.swift; path = BucketListUITests.swift; sourceTree = "<group>"; };
		879C11D01FB0BDFC00926AAA /* Info.plist */ = {isa = PBXFileReference; lastKnownFileType = text.plist.xml; path = Info.plist; sourceTree = "<group>"; };
		879C11DC1FB137DF00926AAA /* AddItemTableViewController.swift */ = {isa = PBXFileReference; lastKnownFileType = sourcecode.swift; path = AddItemTableViewController.swift; sourceTree = "<group>"; };
		879C11E01FB14D4900926AAA /* AddItemTableViewControllerDelegate.swift */ = {isa = PBXFileReference; lastKnownFileType = sourcecode.swift; path = AddItemTableViewControllerDelegate.swift; sourceTree = "<group>"; };
		87EAF94E1FB275E2002CB0CA /* BucketList.xcdatamodel */ = {isa = PBXFileReference; lastKnownFileType = wrapper.xcdatamodel; path = BucketList.xcdatamodel; sourceTree = "<group>"; };
/* End PBXFileReference section */

/* Begin PBXFrameworksBuildPhase section */
		879C11A81FB0BDFB00926AAA /* Frameworks */ = {
			isa = PBXFrameworksBuildPhase;
			buildActionMask = 2147483647;
			files = (
			);
			runOnlyForDeploymentPostprocessing = 0;
		};
		879C11BC1FB0BDFB00926AAA /* Frameworks */ = {
			isa = PBXFrameworksBuildPhase;
			buildActionMask = 2147483647;
			files = (
			);
			runOnlyForDeploymentPostprocessing = 0;
		};
		879C11C71FB0BDFC00926AAA /* Frameworks */ = {
			isa = PBXFrameworksBuildPhase;
			buildActionMask = 2147483647;
			files = (
			);
			runOnlyForDeploymentPostprocessing = 0;
		};
/* End PBXFrameworksBuildPhase section */

/* Begin PBXGroup section */
		879C11A21FB0BDFB00926AAA = {
			isa = PBXGroup;
			children = (
				879C11AD1FB0BDFB00926AAA /* BucketList */,
				879C11C21FB0BDFB00926AAA /* BucketListTests */,
				879C11CD1FB0BDFC00926AAA /* BucketListUITests */,
				879C11AC1FB0BDFB00926AAA /* Products */,
			);
			sourceTree = "<group>";
		};
		879C11AC1FB0BDFB00926AAA /* Products */ = {
			isa = PBXGroup;
			children = (
				879C11AB1FB0BDFB00926AAA /* BucketList.app */,
				879C11BF1FB0BDFB00926AAA /* BucketListTests.xctest */,
				879C11CA1FB0BDFC00926AAA /* BucketListUITests.xctest */,
			);
			name = Products;
			sourceTree = "<group>";
		};
		879C11AD1FB0BDFB00926AAA /* BucketList */ = {
			isa = PBXGroup;
			children = (
				879C11AE1FB0BDFB00926AAA /* AppDelegate.swift */,
				87EAF94D1FB275E2002CB0CA /* BucketList.xcdatamodeld */,
				879C11B01FB0BDFB00926AAA /* BucketListViewController.swift */,
				879C11E01FB14D4900926AAA /* AddItemTableViewControllerDelegate.swift */,
				879C11B21FB0BDFB00926AAA /* Main.storyboard */,
				879C11DC1FB137DF00926AAA /* AddItemTableViewController.swift */,
				879C11B51FB0BDFB00926AAA /* Assets.xcassets */,
				879C11B71FB0BDFB00926AAA /* LaunchScreen.storyboard */,
				879C11BA1FB0BDFB00926AAA /* Info.plist */,
			);
			path = BucketList;
			sourceTree = "<group>";
		};
		879C11C21FB0BDFB00926AAA /* BucketListTests */ = {
			isa = PBXGroup;
			children = (
				879C11C31FB0BDFC00926AAA /* BucketListTests.swift */,
				879C11C51FB0BDFC00926AAA /* Info.plist */,
			);
			path = BucketListTests;
			sourceTree = "<group>";
		};
		879C11CD1FB0BDFC00926AAA /* BucketListUITests */ = {
			isa = PBXGroup;
			children = (
				879C11CE1FB0BDFC00926AAA /* BucketListUITests.swift */,
				879C11D01FB0BDFC00926AAA /* Info.plist */,
			);
			path = BucketListUITests;
			sourceTree = "<group>";
		};
/* End PBXGroup section */

/* Begin PBXNativeTarget section */
		879C11AA1FB0BDFB00926AAA /* BucketList */ = {
			isa = PBXNativeTarget;
			buildConfigurationList = 879C11D31FB0BDFC00926AAA /* Build configuration list for PBXNativeTarget "BucketList" */;
			buildPhases = (
				879C11A71FB0BDFB00926AAA /* Sources */,
				879C11A81FB0BDFB00926AAA /* Frameworks */,
				879C11A91FB0BDFB00926AAA /* Resources */,
			);
			buildRules = (
			);
			dependencies = (
			);
			name = BucketList;
			productName = BucketList;
			productReference = 879C11AB1FB0BDFB00926AAA /* BucketList.app */;
			productType = "com.apple.product-type.application";
		};
		879C11BE1FB0BDFB00926AAA /* BucketListTests */ = {
			isa = PBXNativeTarget;
			buildConfigurationList = 879C11D61FB0BDFC00926AAA /* Build configuration list for PBXNativeTarget "BucketListTests" */;
			buildPhases = (
				879C11BB1FB0BDFB00926AAA /* Sources */,
				879C11BC1FB0BDFB00926AAA /* Frameworks */,
				879C11BD1FB0BDFB00926AAA /* Resources */,
			);
			buildRules = (
			);
			dependencies = (
				879C11C11FB0BDFB00926AAA /* PBXTargetDependency */,
			);
			name = BucketListTests;
			productName = BucketListTests;
			productReference = 879C11BF1FB0BDFB00926AAA /* BucketListTests.xctest */;
			productType = "com.apple.product-type.bundle.unit-test";
		};
		879C11C91FB0BDFC00926AAA /* BucketListUITests */ = {
			isa = PBXNativeTarget;
			buildConfigurationList = 879C11D91FB0BDFC00926AAA /* Build configuration list for PBXNativeTarget "BucketListUITests" */;
			buildPhases = (
				879C11C61FB0BDFC00926AAA /* Sources */,
				879C11C71FB0BDFC00926AAA /* Frameworks */,
				879C11C81FB0BDFC00926AAA /* Resources */,
			);
			buildRules = (
			);
			dependencies = (
				879C11CC1FB0BDFC00926AAA /* PBXTargetDependency */,
			);
			name = BucketListUITests;
			productName = BucketListUITests;
			productReference = 879C11CA1FB0BDFC00926AAA /* BucketListUITests.xctest */;
			productType = "com.apple.product-type.bundle.ui-testing";
		};
/* End PBXNativeTarget section */

/* Begin PBXProject section */
		879C11A31FB0BDFB00926AAA /* Project object */ = {
			isa = PBXProject;
			attributes = {
				LastSwiftUpdateCheck = 0910;
				LastUpgradeCheck = 0910;
				ORGANIZATIONNAME = "Patrick Hayes";
				TargetAttributes = {
					879C11AA1FB0BDFB00926AAA = {
						CreatedOnToolsVersion = 9.1;
						ProvisioningStyle = Automatic;
					};
					879C11BE1FB0BDFB00926AAA = {
						CreatedOnToolsVersion = 9.1;
						ProvisioningStyle = Automatic;
						TestTargetID = 879C11AA1FB0BDFB00926AAA;
					};
					879C11C91FB0BDFC00926AAA = {
						CreatedOnToolsVersion = 9.1;
						ProvisioningStyle = Automatic;
						TestTargetID = 879C11AA1FB0BDFB00926AAA;
					};
				};
			};
			buildConfigurationList = 879C11A61FB0BDFB00926AAA /* Build configuration list for PBXProject "BucketList" */;
			compatibilityVersion = "Xcode 8.0";
			developmentRegion = en;
			hasScannedForEncodings = 0;
			knownRegions = (
				en,
				Base,
			);
			mainGroup = 879C11A21FB0BDFB00926AAA;
			productRefGroup = 879C11AC1FB0BDFB00926AAA /* Products */;
			projectDirPath = "";
			projectRoot = "";
			targets = (
				879C11AA1FB0BDFB00926AAA /* BucketList */,
				879C11BE1FB0BDFB00926AAA /* BucketListTests */,
				879C11C91FB0BDFC00926AAA /* BucketListUITests */,
			);
		};
/* End PBXProject section */

/* Begin PBXResourcesBuildPhase section */
		879C11A91FB0BDFB00926AAA /* Resources */ = {
			isa = PBXResourcesBuildPhase;
			buildActionMask = 2147483647;
			files = (
				879C11B91FB0BDFB00926AAA /* LaunchScreen.storyboard in Resources */,
				879C11B61FB0BDFB00926AAA /* Assets.xcassets in Resources */,
				879C11B41FB0BDFB00926AAA /* Main.storyboard in Resources */,
			);
			runOnlyForDeploymentPostprocessing = 0;
		};
		879C11BD1FB0BDFB00926AAA /* Resources */ = {
			isa = PBXResourcesBuildPhase;
			buildActionMask = 2147483647;
			files = (
			);
			runOnlyForDeploymentPostprocessing = 0;
		};
		879C11C81FB0BDFC00926AAA /* Resources */ = {
			isa = PBXResourcesBuildPhase;
			buildActionMask = 2147483647;
			files = (
			);
			runOnlyForDeploymentPostprocessing = 0;
		};
/* End PBXResourcesBuildPhase section */

/* Begin PBXSourcesBuildPhase section */
		879C11A71FB0BDFB00926AAA /* Sources */ = {
			isa = PBXSourcesBuildPhase;
			buildActionMask = 2147483647;
			files = (
				879C11B11FB0BDFB00926AAA /* BucketListViewController.swift in Sources */,
				879C11AF1FB0BDFB00926AAA /* AppDelegate.swift in Sources */,
				87EAF94F1FB275E2002CB0CA /* BucketList.xcdatamodeld in Sources */,
				879C11E11FB14D4900926AAA /* AddItemTableViewControllerDelegate.swift in Sources */,
				879C11DD1FB137DF00926AAA /* AddItemTableViewController.swift in Sources */,
			);
			runOnlyForDeploymentPostprocessing = 0;
		};
		879C11BB1FB0BDFB00926AAA /* Sources */ = {
			isa = PBXSourcesBuildPhase;
			buildActionMask = 2147483647;
			files = (
				879C11C41FB0BDFC00926AAA /* BucketListTests.swift in Sources */,
			);
			runOnlyForDeploymentPostprocessing = 0;
		};
		879C11C61FB0BDFC00926AAA /* Sources */ = {
			isa = PBXSourcesBuildPhase;
			buildActionMask = 2147483647;
			files = (
				879C11CF1FB0BDFC00926AAA /* BucketListUITests.swift in Sources */,
			);
			runOnlyForDeploymentPostprocessing = 0;
		};
/* End PBXSourcesBuildPhase section */

/* Begin PBXTargetDependency section */
		879C11C11FB0BDFB00926AAA /* PBXTargetDependency */ = {
			isa = PBXTargetDependency;
			target = 879C11AA1FB0BDFB00926AAA /* BucketList */;
			targetProxy = 879C11C01FB0BDFB00926AAA /* PBXContainerItemProxy */;
		};
		879C11CC1FB0BDFC00926AAA /* PBXTargetDependency */ = {
			isa = PBXTargetDependency;
			target = 879C11AA1FB0BDFB00926AAA /* BucketList */;
			targetProxy = 879C11CB1FB0BDFC00926AAA /* PBXContainerItemProxy */;
		};
/* End PBXTargetDependency section */

/* Begin PBXVariantGroup section */
		879C11B21FB0BDFB00926AAA /* Main.storyboard */ = {
			isa = PBXVariantGroup;
			children = (
				879C11B31FB0BDFB00926AAA /* Base */,
			);
			name = Main.storyboard;
			sourceTree = "<group>";
		};
		879C11B71FB0BDFB00926AAA /* LaunchScreen.storyboard */ = {
			isa = PBXVariantGroup;
			children = (
				879C11B81FB0BDFB00926AAA /* Base */,
			);
			name = LaunchScreen.storyboard;
			sourceTree = "<group>";
		};
/* End PBXVariantGroup section */

/* Begin XCBuildConfiguration section */
		879C11D11FB0BDFC00926AAA /* Debug */ = {
			isa = XCBuildConfiguration;
			buildSettings = {
				ALWAYS_SEARCH_USER_PATHS = NO;
				CLANG_ANALYZER_NONNULL = YES;
				CLANG_ANALYZER_NUMBER_OBJECT_CONVERSION = YES_AGGRESSIVE;
				CLANG_CXX_LANGUAGE_STANDARD = "gnu++14";
				CLANG_CXX_LIBRARY = "libc++";
				CLANG_ENABLE_MODULES = YES;
				CLANG_ENABLE_OBJC_ARC = YES;
				CLANG_WARN_BLOCK_CAPTURE_AUTORELEASING = YES;
				CLANG_WARN_BOOL_CONVERSION = YES;
				CLANG_WARN_COMMA = YES;
				CLANG_WARN_CONSTANT_CONVERSION = YES;
				CLANG_WARN_DIRECT_OBJC_ISA_USAGE = YES_ERROR;
				CLANG_WARN_DOCUMENTATION_COMMENTS = YES;
				CLANG_WARN_EMPTY_BODY = YES;
				CLANG_WARN_ENUM_CONVERSION = YES;
				CLANG_WARN_INFINITE_RECURSION = YES;
				CLANG_WARN_INT_CONVERSION = YES;
				CLANG_WARN_NON_LITERAL_NULL_CONVERSION = YES;
				CLANG_WARN_OBJC_LITERAL_CONVERSION = YES;
				CLANG_WARN_OBJC_ROOT_CLASS = YES_ERROR;
				CLANG_WARN_RANGE_LOOP_ANALYSIS = YES;
				CLANG_WARN_STRICT_PROTOTYPES = YES;
				CLANG_WARN_SUSPICIOUS_MOVE = YES;
				CLANG_WARN_UNGUARDED_AVAILABILITY = YES_AGGRESSIVE;
				CLANG_WARN_UNREACHABLE_CODE = YES;
				CLANG_WARN__DUPLICATE_METHOD_MATCH = YES;
				CODE_SIGN_IDENTITY = "iPhone Developer";
				COPY_PHASE_STRIP = NO;
				DEBUG_INFORMATION_FORMAT = dwarf;
				ENABLE_STRICT_OBJC_MSGSEND = YES;
				ENABLE_TESTABILITY = YES;
				GCC_C_LANGUAGE_STANDARD = gnu11;
				GCC_DYNAMIC_NO_PIC = NO;
				GCC_NO_COMMON_BLOCKS = YES;
				GCC_OPTIMIZATION_LEVEL = 0;
				GCC_PREPROCESSOR_DEFINITIONS = (
					"DEBUG=1",
					"$(inherited)",
				);
				GCC_WARN_64_TO_32_BIT_CONVERSION = YES;
				GCC_WARN_ABOUT_RETURN_TYPE = YES_ERROR;
				GCC_WARN_UNDECLARED_SELECTOR = YES;
				GCC_WARN_UNINITIALIZED_AUTOS = YES_AGGRESSIVE;
				GCC_WARN_UNUSED_FUNCTION = YES;
				GCC_WARN_UNUSED_VARIABLE = YES;
				IPHONEOS_DEPLOYMENT_TARGET = 11.1;
				MTL_ENABLE_DEBUG_INFO = YES;
				ONLY_ACTIVE_ARCH = YES;
				SDKROOT = iphoneos;
				SWIFT_ACTIVE_COMPILATION_CONDITIONS = DEBUG;
				SWIFT_OPTIMIZATION_LEVEL = "-Onone";
			};
			name = Debug;
		};
		879C11D21FB0BDFC00926AAA /* Release */ = {
			isa = XCBuildConfiguration;
			buildSettings = {
				ALWAYS_SEARCH_USER_PATHS = NO;
				CLANG_ANALYZER_NONNULL = YES;
				CLANG_ANALYZER_NUMBER_OBJECT_CONVERSION = YES_AGGRESSIVE;
				CLANG_CXX_LANGUAGE_STANDARD = "gnu++14";
				CLANG_CXX_LIBRARY = "libc++";
				CLANG_ENABLE_MODULES = YES;
				CLANG_ENABLE_OBJC_ARC = YES;
				CLANG_WARN_BLOCK_CAPTURE_AUTORELEASING = YES;
				CLANG_WARN_BOOL_CONVERSION = YES;
				CLANG_WARN_COMMA = YES;
				CLANG_WARN_CONSTANT_CONVERSION = YES;
				CLANG_WARN_DIRECT_OBJC_ISA_USAGE = YES_ERROR;
				CLANG_WARN_DOCUMENTATION_COMMENTS = YES;
				CLANG_WARN_EMPTY_BODY = YES;
				CLANG_WARN_ENUM_CONVERSION = YES;
				CLANG_WARN_INFINITE_RECURSION = YES;
				CLANG_WARN_INT_CONVERSION = YES;
				CLANG_WARN_NON_LITERAL_NULL_CONVERSION = YES;
				CLANG_WARN_OBJC_LITERAL_CONVERSION = YES;
				CLANG_WARN_OBJC_ROOT_CLASS = YES_ERROR;
				CLANG_WARN_RANGE_LOOP_ANALYSIS = YES;
				CLANG_WARN_STRICT_PROTOTYPES = YES;
				CLANG_WARN_SUSPICIOUS_MOVE = YES;
				CLANG_WARN_UNGUARDED_AVAILABILITY = YES_AGGRESSIVE;
				CLANG_WARN_UNREACHABLE_CODE = YES;
				CLANG_WARN__DUPLICATE_METHOD_MATCH = YES;
				CODE_SIGN_IDENTITY = "iPhone Developer";
				COPY_PHASE_STRIP = NO;
				DEBUG_INFORMATION_FORMAT = "dwarf-with-dsym";
				ENABLE_NS_ASSERTIONS = NO;
				ENABLE_STRICT_OBJC_MSGSEND = YES;
				GCC_C_LANGUAGE_STANDARD = gnu11;
				GCC_NO_COMMON_BLOCKS = YES;
				GCC_WARN_64_TO_32_BIT_CONVERSION = YES;
				GCC_WARN_ABOUT_RETURN_TYPE = YES_ERROR;
				GCC_WARN_UNDECLARED_SELECTOR = YES;
				GCC_WARN_UNINITIALIZED_AUTOS = YES_AGGRESSIVE;
				GCC_WARN_UNUSED_FUNCTION = YES;
				GCC_WARN_UNUSED_VARIABLE = YES;
				IPHONEOS_DEPLOYMENT_TARGET = 11.1;
				MTL_ENABLE_DEBUG_INFO = NO;
				SDKROOT = iphoneos;
				SWIFT_OPTIMIZATION_LEVEL = "-Owholemodule";
				VALIDATE_PRODUCT = YES;
			};
			name = Release;
		};
		879C11D41FB0BDFC00926AAA /* Debug */ = {
			isa = XCBuildConfiguration;
			buildSettings = {
				ASSETCATALOG_COMPILER_APPICON_NAME = AppIcon;
				CODE_SIGN_STYLE = Automatic;
				INFOPLIST_FILE = BucketList/Info.plist;
				LD_RUNPATH_SEARCH_PATHS = "$(inherited) @executable_path/Frameworks";
				PRODUCT_BUNDLE_IDENTIFIER = com.phayes.BucketList;
				PRODUCT_NAME = "$(TARGET_NAME)";
				SWIFT_VERSION = 4.0;
				TARGETED_DEVICE_FAMILY = "1,2";
			};
			name = Debug;
		};
		879C11D51FB0BDFC00926AAA /* Release */ = {
			isa = XCBuildConfiguration;
			buildSettings = {
				ASSETCATALOG_COMPILER_APPICON_NAME = AppIcon;
				CODE_SIGN_STYLE = Automatic;
				INFOPLIST_FILE = BucketList/Info.plist;
				LD_RUNPATH_SEARCH_PATHS = "$(inherited) @executable_path/Frameworks";
				PRODUCT_BUNDLE_IDENTIFIER = com.phayes.BucketList;
				PRODUCT_NAME = "$(TARGET_NAME)";
				SWIFT_VERSION = 4.0;
				TARGETED_DEVICE_FAMILY = "1,2";
			};
			name = Release;
		};
		879C11D71FB0BDFC00926AAA /* Debug */ = {
			isa = XCBuildConfiguration;
			buildSettings = {
				ALWAYS_EMBED_SWIFT_STANDARD_LIBRARIES = YES;
				BUNDLE_LOADER = "$(TEST_HOST)";
				CODE_SIGN_STYLE = Automatic;
				INFOPLIST_FILE = BucketListTests/Info.plist;
				LD_RUNPATH_SEARCH_PATHS = "$(inherited) @executable_path/Frameworks @loader_path/Frameworks";
				PRODUCT_BUNDLE_IDENTIFIER = com.phayes.BucketListTests;
				PRODUCT_NAME = "$(TARGET_NAME)";
				SWIFT_VERSION = 4.0;
				TARGETED_DEVICE_FAMILY = "1,2";
				TEST_HOST = "$(BUILT_PRODUCTS_DIR)/BucketList.app/BucketList";
			};
			name = Debug;
		};
		879C11D81FB0BDFC00926AAA /* Release */ = {
			isa = XCBuildConfiguration;
			buildSettings = {
				ALWAYS_EMBED_SWIFT_STANDARD_LIBRARIES = YES;
				BUNDLE_LOADER = "$(TEST_HOST)";
				CODE_SIGN_STYLE = Automatic;
				INFOPLIST_FILE = BucketListTests/Info.plist;
				LD_RUNPATH_SEARCH_PATHS = "$(inherited) @executable_path/Frameworks @loader_path/Frameworks";
				PRODUCT_BUNDLE_IDENTIFIER = com.phayes.BucketListTests;
				PRODUCT_NAME = "$(TARGET_NAME)";
				SWIFT_VERSION = 4.0;
				TARGETED_DEVICE_FAMILY = "1,2";
				TEST_HOST = "$(BUILT_PRODUCTS_DIR)/BucketList.app/BucketList";
			};
			name = Release;
		};
		879C11DA1FB0BDFC00926AAA /* Debug */ = {
			isa = XCBuildConfiguration;
			buildSettings = {
				ALWAYS_EMBED_SWIFT_STANDARD_LIBRARIES = YES;
				CODE_SIGN_STYLE = Automatic;
				INFOPLIST_FILE = BucketListUITests/Info.plist;
				LD_RUNPATH_SEARCH_PATHS = "$(inherited) @executable_path/Frameworks @loader_path/Frameworks";
				PRODUCT_BUNDLE_IDENTIFIER = com.phayes.BucketListUITests;
				PRODUCT_NAME = "$(TARGET_NAME)";
				SWIFT_VERSION = 4.0;
				TARGETED_DEVICE_FAMILY = "1,2";
				TEST_TARGET_NAME = BucketList;
			};
			name = Debug;
		};
		879C11DB1FB0BDFC00926AAA /* Release */ = {
			isa = XCBuildConfiguration;
			buildSettings = {
				ALWAYS_EMBED_SWIFT_STANDARD_LIBRARIES = YES;
				CODE_SIGN_STYLE = Automatic;
				INFOPLIST_FILE = BucketListUITests/Info.plist;
				LD_RUNPATH_SEARCH_PATHS = "$(inherited) @executable_path/Frameworks @loader_path/Frameworks";
				PRODUCT_BUNDLE_IDENTIFIER = com.phayes.BucketListUITests;
				PRODUCT_NAME = "$(TARGET_NAME)";
				SWIFT_VERSION = 4.0;
				TARGETED_DEVICE_FAMILY = "1,2";
				TEST_TARGET_NAME = BucketList;
			};
			name = Release;
		};
/* End XCBuildConfiguration section */

/* Begin XCConfigurationList section */
		879C11A61FB0BDFB00926AAA /* Build configuration list for PBXProject "BucketList" */ = {
			isa = XCConfigurationList;
			buildConfigurations = (
				879C11D11FB0BDFC00926AAA /* Debug */,
				879C11D21FB0BDFC00926AAA /* Release */,
			);
			defaultConfigurationIsVisible = 0;
			defaultConfigurationName = Release;
		};
		879C11D31FB0BDFC00926AAA /* Build configuration list for PBXNativeTarget "BucketList" */ = {
			isa = XCConfigurationList;
			buildConfigurations = (
				879C11D41FB0BDFC00926AAA /* Debug */,
				879C11D51FB0BDFC00926AAA /* Release */,
			);
			defaultConfigurationIsVisible = 0;
			defaultConfigurationName = Release;
		};
		879C11D61FB0BDFC00926AAA /* Build configuration list for PBXNativeTarget "BucketListTests" */ = {
			isa = XCConfigurationList;
			buildConfigurations = (
				879C11D71FB0BDFC00926AAA /* Debug */,
				879C11D81FB0BDFC00926AAA /* Release */,
			);
			defaultConfigurationIsVisible = 0;
			defaultConfigurationName = Release;
		};
		879C11D91FB0BDFC00926AAA /* Build configuration list for PBXNativeTarget "BucketListUITests" */ = {
			isa = XCConfigurationList;
			buildConfigurations = (
				879C11DA1FB0BDFC00926AAA /* Debug */,
				879C11DB1FB0BDFC00926AAA /* Release */,
			);
			defaultConfigurationIsVisible = 0;
			defaultConfigurationName = Release;
		};
/* End XCConfigurationList section */

/* Begin XCVersionGroup section */
		87EAF94D1FB275E2002CB0CA /* BucketList.xcdatamodeld */ = {
			isa = XCVersionGroup;
			children = (
				87EAF94E1FB275E2002CB0CA /* BucketList.xcdatamodel */,
			);
			currentVersion = 87EAF94E1FB275E2002CB0CA /* BucketList.xcdatamodel */;
			path = BucketList.xcdatamodeld;
			sourceTree = "<group>";
			versionGroupType = wrapper.xcdatamodel;
		};
/* End XCVersionGroup section */
	};
	rootObject = 879C11A31FB0BDFB00926AAA /* Project object */;
}
